
Microsoft Visual Studio Solution File, Format Version 12.00
# Visual Studio Version 17
VisualStudioVersion = 17.14.36202.13
MinimumVisualStudioVersion = 10.0.40219.1
Project("{2150E333-8FDC-42A3-9474-1A3956D46DE8}") = "src", "src", "{36D591C7-65C7-A0D1-1CBC-10CDE441BDC8}"
EndProject
Project("{2150E333-8FDC-42A3-9474-1A3956D46DE8}") = "infrastructure", "infrastructure", "{596AF0E8-7D26-47BB-906A-323DD7001728}"
EndProject
Project("{2150E333-8FDC-42A3-9474-1A3956D46DE8}") = "application", "application", "{77467430-D81D-44D6-94FC-177532D50908}"
EndProject
Project("{2150E333-8FDC-42A3-9474-1A3956D46DE8}") = "web", "web", "{657433C3-C991-4A46-BECA-F9DD5EA9BE8D}"
EndProject
Project("{FAE04EC0-301F-11D3-BF4B-00C04F79EFBC}") = "UserServise", "src\web\UserServise\UserServise.csproj", "{86B62ED6-B4DF-6848-FA24-2C22B56FFEF1}"
EndProject
Project("{FAE04EC0-301F-11D3-BF4B-00C04F79EFBC}") = "EntityCorePostgres", "src\infrastructure\EntityCorePostgres\EntityCorePostgres.csproj", "{71956F54-92F8-4EE6-34F9-2EA4BAC94A05}"
EndProject
Project("{FAE04EC0-301F-11D3-BF4B-00C04F79EFBC}") = "Entity", "src\application\Entity\Entity.csproj", "{8487448B-475B-41BD-CF9E-6466C896132C}"
EndProject
Project("{FAE04EC0-301F-11D3-BF4B-00C04F79EFBC}") = "Interfases", "src\application\Interfases\Interfases.csproj", "{551AF0D5-8BD4-1D8B-9819-3447AFB72888}"
EndProject
Project("{FAE04EC0-301F-11D3-BF4B-00C04F79EFBC}") = "Application", "src\application\Application\Application.csproj", "{23C75653-D742-2320-6E32-7730C17326E2}"
EndProject
Project("{FAE04EC0-301F-11D3-BF4B-00C04F79EFBC}") = "Grps", "src\infrastructure\Grps\Grps.csproj", "{563686A6-3645-809A-DD55-126AAD58D64F}"
EndProject
Project("{FAE04EC0-301F-11D3-BF4B-00C04F79EFBC}") = "OtlpInfra", "src\infrastructure\OtlpInfra\OtlpInfra.csproj", "{6F227D3E-2F40-F65C-1AF4-2E5D268120B1}"
EndProject
Global
	GlobalSection(SolutionConfigurationPlatforms) = preSolution
		Debug|Any CPU = Debug|Any CPU
		Release|Any CPU = Release|Any CPU
	EndGlobalSection
	GlobalSection(ProjectConfigurationPlatforms) = postSolution
		{86B62ED6-B4DF-6848-FA24-2C22B56FFEF1}.Debug|Any CPU.ActiveCfg = Debug|Any CPU
		{86B62ED6-B4DF-6848-FA24-2C22B56FFEF1}.Debug|Any CPU.Build.0 = Debug|Any CPU
		{86B62ED6-B4DF-6848-FA24-2C22B56FFEF1}.Release|Any CPU.ActiveCfg = Release|Any CPU
		{86B62ED6-B4DF-6848-FA24-2C22B56FFEF1}.Release|Any CPU.Build.0 = Release|Any CPU
		{71956F54-92F8-4EE6-34F9-2EA4BAC94A05}.Debug|Any CPU.ActiveCfg = Debug|Any CPU
		{71956F54-92F8-4EE6-34F9-2EA4BAC94A05}.Debug|Any CPU.Build.0 = Debug|Any CPU
		{71956F54-92F8-4EE6-34F9-2EA4BAC94A05}.Release|Any CPU.ActiveCfg = Release|Any CPU
		{71956F54-92F8-4EE6-34F9-2EA4BAC94A05}.Release|Any CPU.Build.0 = Release|Any CPU
		{8487448B-475B-41BD-CF9E-6466C896132C}.Debug|Any CPU.ActiveCfg = Debug|Any CPU
		{8487448B-475B-41BD-CF9E-6466C896132C}.Debug|Any CPU.Build.0 = Debug|Any CPU
		{8487448B-475B-41BD-CF9E-6466C896132C}.Release|Any CPU.ActiveCfg = Release|Any CPU
		{8487448B-475B-41BD-CF9E-6466C896132C}.Release|Any CPU.Build.0 = Release|Any CPU
		{551AF0D5-8BD4-1D8B-9819-3447AFB72888}.Debug|Any CPU.ActiveCfg = Debug|Any CPU
		{551AF0D5-8BD4-1D8B-9819-3447AFB72888}.Debug|Any CPU.Build.0 = Debug|Any CPU
		{551AF0D5-8BD4-1D8B-9819-3447AFB72888}.Release|Any CPU.ActiveCfg = Release|Any CPU
		{551AF0D5-8BD4-1D8B-9819-3447AFB72888}.Release|Any CPU.Build.0 = Release|Any CPU
		{23C75653-D742-2320-6E32-7730C17326E2}.Debug|Any CPU.ActiveCfg = Debug|Any CPU
		{23C75653-D742-2320-6E32-7730C17326E2}.Debug|Any CPU.Build.0 = Debug|Any CPU
		{23C75653-D742-2320-6E32-7730C17326E2}.Release|Any CPU.ActiveCfg = Release|Any CPU
		{23C75653-D742-2320-6E32-7730C17326E2}.Release|Any CPU.Build.0 = Release|Any CPU
		{563686A6-3645-809A-DD55-126AAD58D64F}.Debug|Any CPU.ActiveCfg = Debug|Any CPU
		{563686A6-3645-809A-DD55-126AAD58D64F}.Debug|Any CPU.Build.0 = Debug|Any CPU
		{563686A6-3645-809A-DD55-126AAD58D64F}.Release|Any CPU.ActiveCfg = Release|Any CPU
		{563686A6-3645-809A-DD55-126AAD58D64F}.Release|Any CPU.Build.0 = Release|Any CPU
		{6F227D3E-2F40-F65C-1AF4-2E5D268120B1}.Debug|Any CPU.ActiveCfg = Debug|Any CPU
		{6F227D3E-2F40-F65C-1AF4-2E5D268120B1}.Debug|Any CPU.Build.0 = Debug|Any CPU
		{6F227D3E-2F40-F65C-1AF4-2E5D268120B1}.Release|Any CPU.ActiveCfg = Release|Any CPU
		{6F227D3E-2F40-F65C-1AF4-2E5D268120B1}.Release|Any CPU.Build.0 = Release|Any CPU
	EndGlobalSection
	GlobalSection(SolutionProperties) = preSolution
		HideSolutionNode = FALSE
	EndGlobalSection
	GlobalSection(NestedProjects) = preSolution
		{596AF0E8-7D26-47BB-906A-323DD7001728} = {36D591C7-65C7-A0D1-1CBC-10CDE441BDC8}
		{77467430-D81D-44D6-94FC-177532D50908} = {36D591C7-65C7-A0D1-1CBC-10CDE441BDC8}
		{657433C3-C991-4A46-BECA-F9DD5EA9BE8D} = {36D591C7-65C7-A0D1-1CBC-10CDE441BDC8}
		{86B62ED6-B4DF-6848-FA24-2C22B56FFEF1} = {657433C3-C991-4A46-BECA-F9DD5EA9BE8D}
		{71956F54-92F8-4EE6-34F9-2EA4BAC94A05} = {596AF0E8-7D26-47BB-906A-323DD7001728}
		{8487448B-475B-41BD-CF9E-6466C896132C} = {77467430-D81D-44D6-94FC-177532D50908}
		{551AF0D5-8BD4-1D8B-9819-3447AFB72888} = {77467430-D81D-44D6-94FC-177532D50908}
		{23C75653-D742-2320-6E32-7730C17326E2} = {77467430-D81D-44D6-94FC-177532D50908}
		{563686A6-3645-809A-DD55-126AAD58D64F} = {596AF0E8-7D26-47BB-906A-323DD7001728}
		{6F227D3E-2F40-F65C-1AF4-2E5D268120B1} = {596AF0E8-7D26-47BB-906A-323DD7001728}
	EndGlobalSection
	GlobalSection(ExtensibilityGlobals) = postSolution
		SolutionGuid = {30F5D2CB-D691-4396-B890-34861D66D362}
	EndGlobalSection
EndGlobal
